// !$*UTF8*$!
{
	archiveVersion = 1;
	classes = {
	};
	objectVersion = 46;
	objects = {

/* Begin PBXBuildFile section */
		1C1CAF051F09A70B003702AD /* SnapKit.framework in Frameworks */ = {isa = PBXBuildFile; fileRef = 1C1CAF011F09A6C2003702AD /* SnapKit.framework */; };
		1C1CAF061F09A70B003702AD /* SnapKit.framework in Embed Frameworks */ = {isa = PBXBuildFile; fileRef = 1C1CAF011F09A6C2003702AD /* SnapKit.framework */; settings = {ATTRIBUTES = (CodeSignOnCopy, RemoveHeadersOnCopy, ); }; };
		1C1CAF081F09A768003702AD /* TMPieView.swift in Sources */ = {isa = PBXBuildFile; fileRef = 1C1CAF071F09A768003702AD /* TMPieView.swift */; };
		1C4655091F314ECF00017267 /* TMTimeLineMenuView.swift in Sources */ = {isa = PBXBuildFile; fileRef = 1C4655081F314ECF00017267 /* TMTimeLineMenuView.swift */; };
		1C46550E1F3A824E00017267 /* CCColorCube.m in Sources */ = {isa = PBXBuildFile; fileRef = 1C46550B1F3A824E00017267 /* CCColorCube.m */; };
		1C46550F1F3A824E00017267 /* CCLocalMaximum.m in Sources */ = {isa = PBXBuildFile; fileRef = 1C46550D1F3A824E00017267 /* CCLocalMaximum.m */; };
		1C4655131F3BD2E000017267 /* category.plist in Resources */ = {isa = PBXBuildFile; fileRef = 1C4655121F3BD2E000017267 /* category.plist */; };
		1C4655151F3BD2EB00017267 /* addCategory.plist in Resources */ = {isa = PBXBuildFile; fileRef = 1C4655141F3BD2EB00017267 /* addCategory.plist */; };
		1C552B1B1F198980006E6D5B /* Share.swift in Sources */ = {isa = PBXBuildFile; fileRef = 1C552B1A1F198980006E6D5B /* Share.swift */; };
		1C552B1D1F1AC5B6006E6D5B /* TMStatistics.swift in Sources */ = {isa = PBXBuildFile; fileRef = 1C552B1C1F1AC5B6006E6D5B /* TMStatistics.swift */; };
		1C552B1F1F200D43006E6D5B /* TMDataManager.swift in Sources */ = {isa = PBXBuildFile; fileRef = 1C552B1E1F200D43006E6D5B /* TMDataManager.swift */; };
		1C552B211F20116A006E6D5B /* TMAddedCategory.swift in Sources */ = {isa = PBXBuildFile; fileRef = 1C552B201F20116A006E6D5B /* TMAddedCategory.swift */; };
		1C552B231F27D85C006E6D5B /* TMBaseViewController.swift in Sources */ = {isa = PBXBuildFile; fileRef = 1C552B221F27D85C006E6D5B /* TMBaseViewController.swift */; };
		1C552B2F1F27E071006E6D5B /* SVIndefiniteAnimatedView.m in Sources */ = {isa = PBXBuildFile; fileRef = 1C552B261F27E071006E6D5B /* SVIndefiniteAnimatedView.m */; };
		1C552B301F27E071006E6D5B /* SVProgressAnimatedView.m in Sources */ = {isa = PBXBuildFile; fileRef = 1C552B281F27E071006E6D5B /* SVProgressAnimatedView.m */; };
		1C552B311F27E071006E6D5B /* SVProgressHUD.bundle in Resources */ = {isa = PBXBuildFile; fileRef = 1C552B2A1F27E071006E6D5B /* SVProgressHUD.bundle */; };
		1C552B321F27E071006E6D5B /* SVProgressHUD.m in Sources */ = {isa = PBXBuildFile; fileRef = 1C552B2C1F27E071006E6D5B /* SVProgressHUD.m */; };
		1C552B331F27E071006E6D5B /* SVRadialGradientLayer.m in Sources */ = {isa = PBXBuildFile; fileRef = 1C552B2E1F27E071006E6D5B /* SVRadialGradientLayer.m */; };
		1C552B351F27E1C7006E6D5B /* QuartzCore.framework in Frameworks */ = {isa = PBXBuildFile; fileRef = 1C552B341F27E1C7006E6D5B /* QuartzCore.framework */; };
		1C552B381F27E6B4006E6D5B /* TMHomePageViewController.swift in Sources */ = {isa = PBXBuildFile; fileRef = 1C552B371F27E6B4006E6D5B /* TMHomePageViewController.swift */; };
		1C552B3B1F2809BB006E6D5B /* TMTimeLineIncomeCell.swift in Sources */ = {isa = PBXBuildFile; fileRef = 1C552B3A1F2809BB006E6D5B /* TMTimeLineIncomeCell.swift */; };
		1C552B3D1F280A14006E6D5B /* TMTimeLineCostCell.swift in Sources */ = {isa = PBXBuildFile; fileRef = 1C552B3C1F280A14006E6D5B /* TMTimeLineCostCell.swift */; };
		1C552B3F1F280B1B006E6D5B /* TMTimeLineCell.swift in Sources */ = {isa = PBXBuildFile; fileRef = 1C552B3E1F280B1B006E6D5B /* TMTimeLineCell.swift */; };
		1C58F6C61F0729D80035C46B /* AppDelegate.swift in Sources */ = {isa = PBXBuildFile; fileRef = 1C58F6C51F0729D80035C46B /* AppDelegate.swift */; };
		1C58F6C81F0729D80035C46B /* ViewController.swift in Sources */ = {isa = PBXBuildFile; fileRef = 1C58F6C71F0729D80035C46B /* ViewController.swift */; };
		1C58F6CB1F0729D80035C46B /* Main.storyboard in Resources */ = {isa = PBXBuildFile; fileRef = 1C58F6C91F0729D80035C46B /* Main.storyboard */; };
		1C58F6CD1F0729D80035C46B /* Assets.xcassets in Resources */ = {isa = PBXBuildFile; fileRef = 1C58F6CC1F0729D80035C46B /* Assets.xcassets */; };
		1C58F6D01F0729D80035C46B /* LaunchScreen.storyboard in Resources */ = {isa = PBXBuildFile; fileRef = 1C58F6CE1F0729D80035C46B /* LaunchScreen.storyboard */; };
		1C58F6D81F072A940035C46B /* Realm.framework in Frameworks */ = {isa = PBXBuildFile; fileRef = 1C58F6D71F072A940035C46B /* Realm.framework */; };
		1C58F6D91F072A940035C46B /* Realm.framework in Embed Frameworks */ = {isa = PBXBuildFile; fileRef = 1C58F6D71F072A940035C46B /* Realm.framework */; settings = {ATTRIBUTES = (CodeSignOnCopy, RemoveHeadersOnCopy, ); }; };
		1C58F6DC1F072AAD0035C46B /* RealmSwift.framework in Frameworks */ = {isa = PBXBuildFile; fileRef = 1C58F6DB1F072AAD0035C46B /* RealmSwift.framework */; };
		1C58F6DD1F072AAD0035C46B /* RealmSwift.framework in Embed Frameworks */ = {isa = PBXBuildFile; fileRef = 1C58F6DB1F072AAD0035C46B /* RealmSwift.framework */; settings = {ATTRIBUTES = (CodeSignOnCopy, RemoveHeadersOnCopy, ); }; };
		1C58F6E21F072B4D0035C46B /* TMBill.swift in Sources */ = {isa = PBXBuildFile; fileRef = 1C58F6E11F072B4D0035C46B /* TMBill.swift */; };
		1C58F6E41F072FB40035C46B /* TMCategory.swift in Sources */ = {isa = PBXBuildFile; fileRef = 1C58F6E31F072FB40035C46B /* TMCategory.swift */; };
		1C58F6E81F073DFD0035C46B /* TMBook.swift in Sources */ = {isa = PBXBuildFile; fileRef = 1C58F6E71F073DFD0035C46B /* TMBook.swift */; };
		1C84A11E1F099B4C00F29E40 /* TMHeaderView.swift in Sources */ = {isa = PBXBuildFile; fileRef = 1C84A11D1F099B4C00F29E40 /* TMHeaderView.swift */; };
/* End PBXBuildFile section */

/* Begin PBXCopyFilesBuildPhase section */
		1C58F6DA1F072A940035C46B /* Embed Frameworks */ = {
			isa = PBXCopyFilesBuildPhase;
			buildActionMask = 2147483647;
			dstPath = "";
			dstSubfolderSpec = 10;
			files = (
				1C1CAF061F09A70B003702AD /* SnapKit.framework in Embed Frameworks */,
				1C58F6DD1F072AAD0035C46B /* RealmSwift.framework in Embed Frameworks */,
				1C58F6D91F072A940035C46B /* Realm.framework in Embed Frameworks */,
			);
			name = "Embed Frameworks";
			runOnlyForDeploymentPostprocessing = 0;
		};
/* End PBXCopyFilesBuildPhase section */

/* Begin PBXFileReference section */
		1C1CAF011F09A6C2003702AD /* SnapKit.framework */ = {isa = PBXFileReference; lastKnownFileType = wrapper.framework; name = SnapKit.framework; path = Carthage/Build/iOS/SnapKit.framework; sourceTree = "<group>"; };
		1C1CAF071F09A768003702AD /* TMPieView.swift */ = {isa = PBXFileReference; fileEncoding = 4; lastKnownFileType = sourcecode.swift; name = TMPieView.swift; path = TimeLine/Views/TMPieView.swift; sourceTree = "<group>"; };
		1C4655081F314ECF00017267 /* TMTimeLineMenuView.swift */ = {isa = PBXFileReference; fileEncoding = 4; lastKnownFileType = sourcecode.swift; name = TMTimeLineMenuView.swift; path = TimeLine/Views/TMTimeLineMenuView.swift; sourceTree = "<group>"; };
		1C46550A1F3A823E00017267 /* CCColorCube.h */ = {isa = PBXFileReference; fileEncoding = 4; lastKnownFileType = sourcecode.c.h; name = CCColorCube.h; path = Shared/ColorCube/CCColorCube.h; sourceTree = "<group>"; };
		1C46550B1F3A824E00017267 /* CCColorCube.m */ = {isa = PBXFileReference; fileEncoding = 4; lastKnownFileType = sourcecode.c.objc; name = CCColorCube.m; path = Shared/ColorCube/CCColorCube.m; sourceTree = "<group>"; };
		1C46550C1F3A824E00017267 /* CCLocalMaximum.h */ = {isa = PBXFileReference; fileEncoding = 4; lastKnownFileType = sourcecode.c.h; name = CCLocalMaximum.h; path = Shared/ColorCube/CCLocalMaximum.h; sourceTree = "<group>"; };
		1C46550D1F3A824E00017267 /* CCLocalMaximum.m */ = {isa = PBXFileReference; fileEncoding = 4; lastKnownFileType = sourcecode.c.objc; name = CCLocalMaximum.m; path = Shared/ColorCube/CCLocalMaximum.m; sourceTree = "<group>"; };
		1C4655121F3BD2E000017267 /* category.plist */ = {isa = PBXFileReference; fileEncoding = 4; lastKnownFileType = text.plist.xml; path = category.plist; sourceTree = "<group>"; };
		1C4655141F3BD2EB00017267 /* addCategory.plist */ = {isa = PBXFileReference; fileEncoding = 4; lastKnownFileType = text.plist.xml; path = addCategory.plist; sourceTree = "<group>"; };
		1C552B1A1F198980006E6D5B /* Share.swift */ = {isa = PBXFileReference; fileEncoding = 4; lastKnownFileType = sourcecode.swift; name = Share.swift; path = Shared/Share.swift; sourceTree = "<group>"; };
		1C552B1C1F1AC5B6006E6D5B /* TMStatistics.swift */ = {isa = PBXFileReference; fileEncoding = 4; lastKnownFileType = sourcecode.swift; name = TMStatistics.swift; path = TimeLine/Models/TMStatistics.swift; sourceTree = "<group>"; };
		1C552B1E1F200D43006E6D5B /* TMDataManager.swift */ = {isa = PBXFileReference; fileEncoding = 4; lastKnownFileType = sourcecode.swift; name = TMDataManager.swift; path = TimeLine/Models/TMDataManager.swift; sourceTree = "<group>"; };
		1C552B201F20116A006E6D5B /* TMAddedCategory.swift */ = {isa = PBXFileReference; fileEncoding = 4; lastKnownFileType = sourcecode.swift; name = TMAddedCategory.swift; path = TimeLine/Models/TMAddedCategory.swift; sourceTree = "<group>"; };
		1C552B221F27D85C006E6D5B /* TMBaseViewController.swift */ = {isa = PBXFileReference; fileEncoding = 4; lastKnownFileType = sourcecode.swift; name = TMBaseViewController.swift; path = Shared/TMBaseViewController.swift; sourceTree = "<group>"; };
		1C552B251F27E071006E6D5B /* SVIndefiniteAnimatedView.h */ = {isa = PBXFileReference; fileEncoding = 4; lastKnownFileType = sourcecode.c.h; path = SVIndefiniteAnimatedView.h; sourceTree = "<group>"; };
		1C552B261F27E071006E6D5B /* SVIndefiniteAnimatedView.m */ = {isa = PBXFileReference; fileEncoding = 4; lastKnownFileType = sourcecode.c.objc; path = SVIndefiniteAnimatedView.m; sourceTree = "<group>"; };
		1C552B271F27E071006E6D5B /* SVProgressAnimatedView.h */ = {isa = PBXFileReference; fileEncoding = 4; lastKnownFileType = sourcecode.c.h; path = SVProgressAnimatedView.h; sourceTree = "<group>"; };
		1C552B281F27E071006E6D5B /* SVProgressAnimatedView.m */ = {isa = PBXFileReference; fileEncoding = 4; lastKnownFileType = sourcecode.c.objc; path = SVProgressAnimatedView.m; sourceTree = "<group>"; };
		1C552B291F27E071006E6D5B /* SVProgressHUD-Prefix.pch */ = {isa = PBXFileReference; fileEncoding = 4; lastKnownFileType = sourcecode.c.h; path = "SVProgressHUD-Prefix.pch"; sourceTree = "<group>"; };
		1C552B2A1F27E071006E6D5B /* SVProgressHUD.bundle */ = {isa = PBXFileReference; lastKnownFileType = "wrapper.plug-in"; path = SVProgressHUD.bundle; sourceTree = "<group>"; };
		1C552B2B1F27E071006E6D5B /* SVProgressHUD.h */ = {isa = PBXFileReference; fileEncoding = 4; lastKnownFileType = sourcecode.c.h; path = SVProgressHUD.h; sourceTree = "<group>"; };
		1C552B2C1F27E071006E6D5B /* SVProgressHUD.m */ = {isa = PBXFileReference; fileEncoding = 4; lastKnownFileType = sourcecode.c.objc; path = SVProgressHUD.m; sourceTree = "<group>"; };
		1C552B2D1F27E071006E6D5B /* SVRadialGradientLayer.h */ = {isa = PBXFileReference; fileEncoding = 4; lastKnownFileType = sourcecode.c.h; path = SVRadialGradientLayer.h; sourceTree = "<group>"; };
		1C552B2E1F27E071006E6D5B /* SVRadialGradientLayer.m */ = {isa = PBXFileReference; fileEncoding = 4; lastKnownFileType = sourcecode.c.objc; path = SVRadialGradientLayer.m; sourceTree = "<group>"; };
		1C552B341F27E1C7006E6D5B /* QuartzCore.framework */ = {isa = PBXFileReference; lastKnownFileType = wrapper.framework; name = QuartzCore.framework; path = System/Library/Frameworks/QuartzCore.framework; sourceTree = SDKROOT; };
		1C552B361F27E2AD006E6D5B /* SVProgressHUD-Bridging-Header.h */ = {isa = PBXFileReference; lastKnownFileType = sourcecode.c.h; name = "SVProgressHUD-Bridging-Header.h"; path = "Shared/SVProgressHUD-Bridging-Header.h"; sourceTree = "<group>"; };
		1C552B371F27E6B4006E6D5B /* TMHomePageViewController.swift */ = {isa = PBXFileReference; fileEncoding = 4; lastKnownFileType = sourcecode.swift; name = TMHomePageViewController.swift; path = TimeLine/Controllers/TMHomePageViewController.swift; sourceTree = "<group>"; };
		1C552B3A1F2809BB006E6D5B /* TMTimeLineIncomeCell.swift */ = {isa = PBXFileReference; fileEncoding = 4; lastKnownFileType = sourcecode.swift; name = TMTimeLineIncomeCell.swift; path = TimeLine/Views/TMTimeLineIncomeCell.swift; sourceTree = "<group>"; };
		1C552B3C1F280A14006E6D5B /* TMTimeLineCostCell.swift */ = {isa = PBXFileReference; fileEncoding = 4; lastKnownFileType = sourcecode.swift; name = TMTimeLineCostCell.swift; path = TimeLine/Views/TMTimeLineCostCell.swift; sourceTree = "<group>"; };
		1C552B3E1F280B1B006E6D5B /* TMTimeLineCell.swift */ = {isa = PBXFileReference; fileEncoding = 4; lastKnownFileType = sourcecode.swift; path = TMTimeLineCell.swift; sourceTree = "<group>"; };
		1C58F6C21F0729D80035C46B /* TimiAccount.app */ = {isa = PBXFileReference; explicitFileType = wrapper.application; includeInIndex = 0; path = TimiAccount.app; sourceTree = BUILT_PRODUCTS_DIR; };
		1C58F6C51F0729D80035C46B /* AppDelegate.swift */ = {isa = PBXFileReference; lastKnownFileType = sourcecode.swift; path = AppDelegate.swift; sourceTree = "<group>"; };
		1C58F6C71F0729D80035C46B /* ViewController.swift */ = {isa = PBXFileReference; lastKnownFileType = sourcecode.swift; path = ViewController.swift; sourceTree = "<group>"; };
		1C58F6CA1F0729D80035C46B /* Base */ = {isa = PBXFileReference; lastKnownFileType = file.storyboard; name = Base; path = Base.lproj/Main.storyboard; sourceTree = "<group>"; };
		1C58F6CC1F0729D80035C46B /* Assets.xcassets */ = {isa = PBXFileReference; lastKnownFileType = folder.assetcatalog; path = Assets.xcassets; sourceTree = "<group>"; };
		1C58F6CF1F0729D80035C46B /* Base */ = {isa = PBXFileReference; lastKnownFileType = file.storyboard; name = Base; path = Base.lproj/LaunchScreen.storyboard; sourceTree = "<group>"; };
		1C58F6D11F0729D80035C46B /* Info.plist */ = {isa = PBXFileReference; lastKnownFileType = text.plist.xml; path = Info.plist; sourceTree = "<group>"; };
		1C58F6D71F072A940035C46B /* Realm.framework */ = {isa = PBXFileReference; lastKnownFileType = wrapper.framework; path = Realm.framework; sourceTree = "<group>"; };
		1C58F6DB1F072AAD0035C46B /* RealmSwift.framework */ = {isa = PBXFileReference; lastKnownFileType = wrapper.framework; path = RealmSwift.framework; sourceTree = "<group>"; };
		1C58F6E11F072B4D0035C46B /* TMBill.swift */ = {isa = PBXFileReference; fileEncoding = 4; lastKnownFileType = sourcecode.swift; name = TMBill.swift; path = TimeLine/Models/TMBill.swift; sourceTree = "<group>"; };
		1C58F6E31F072FB40035C46B /* TMCategory.swift */ = {isa = PBXFileReference; fileEncoding = 4; lastKnownFileType = sourcecode.swift; name = TMCategory.swift; path = TimeLine/Models/TMCategory.swift; sourceTree = "<group>"; };
		1C58F6E71F073DFD0035C46B /* TMBook.swift */ = {isa = PBXFileReference; fileEncoding = 4; lastKnownFileType = sourcecode.swift; name = TMBook.swift; path = BookManagement/Models/TMBook.swift; sourceTree = "<group>"; };
		1C84A11D1F099B4C00F29E40 /* TMHeaderView.swift */ = {isa = PBXFileReference; fileEncoding = 4; lastKnownFileType = sourcecode.swift; name = TMHeaderView.swift; path = TimeLine/Views/TMHeaderView.swift; sourceTree = "<group>"; };
/* End PBXFileReference section */

/* Begin PBXFrameworksBuildPhase section */
		1C58F6BF1F0729D80035C46B /* Frameworks */ = {
			isa = PBXFrameworksBuildPhase;
			buildActionMask = 2147483647;
			files = (
				1C552B351F27E1C7006E6D5B /* QuartzCore.framework in Frameworks */,
				1C1CAF051F09A70B003702AD /* SnapKit.framework in Frameworks */,
				1C58F6DC1F072AAD0035C46B /* RealmSwift.framework in Frameworks */,
				1C58F6D81F072A940035C46B /* Realm.framework in Frameworks */,
			);
			runOnlyForDeploymentPostprocessing = 0;
		};
/* End PBXFrameworksBuildPhase section */

/* Begin PBXGroup section */
		1C1CAF001F09A6C2003702AD /* Frameworks */ = {
			isa = PBXGroup;
			children = (
				1C552B341F27E1C7006E6D5B /* QuartzCore.framework */,
				1C58F6D71F072A940035C46B /* Realm.framework */,
				1C58F6DB1F072AAD0035C46B /* RealmSwift.framework */,
				1C552B241F27E071006E6D5B /* SVProgressHUD */,
				1C1CAF011F09A6C2003702AD /* SnapKit.framework */,
			);
			name = Frameworks;
			sourceTree = "<group>";
		};
		1C4655101F3A825400017267 /* CGColorCube */ = {
			isa = PBXGroup;
			children = (
				1C46550A1F3A823E00017267 /* CCColorCube.h */,
				1C46550B1F3A824E00017267 /* CCColorCube.m */,
				1C46550C1F3A824E00017267 /* CCLocalMaximum.h */,
				1C46550D1F3A824E00017267 /* CCLocalMaximum.m */,
			);
			name = CGColorCube;
			sourceTree = "<group>";
		};
		1C552B171F198860006E6D5B /* Shared */ = {
			isa = PBXGroup;
			children = (
				1C4655101F3A825400017267 /* CGColorCube */,
				1C552B1A1F198980006E6D5B /* Share.swift */,
				1C552B221F27D85C006E6D5B /* TMBaseViewController.swift */,
				1C552B361F27E2AD006E6D5B /* SVProgressHUD-Bridging-Header.h */,
			);
			name = Shared;
			sourceTree = "<group>";
		};
		1C552B241F27E071006E6D5B /* SVProgressHUD */ = {
			isa = PBXGroup;
			children = (
				1C552B251F27E071006E6D5B /* SVIndefiniteAnimatedView.h */,
				1C552B261F27E071006E6D5B /* SVIndefiniteAnimatedView.m */,
				1C552B271F27E071006E6D5B /* SVProgressAnimatedView.h */,
				1C552B281F27E071006E6D5B /* SVProgressAnimatedView.m */,
				1C552B291F27E071006E6D5B /* SVProgressHUD-Prefix.pch */,
				1C552B2A1F27E071006E6D5B /* SVProgressHUD.bundle */,
				1C552B2B1F27E071006E6D5B /* SVProgressHUD.h */,
				1C552B2C1F27E071006E6D5B /* SVProgressHUD.m */,
				1C552B2D1F27E071006E6D5B /* SVRadialGradientLayer.h */,
				1C552B2E1F27E071006E6D5B /* SVRadialGradientLayer.m */,
			);
			name = SVProgressHUD;
			path = "SVProgressHUD-master/SVProgressHUD";
			sourceTree = "<group>";
		};
		1C552B391F27E6BA006E6D5B /* Controllers */ = {
			isa = PBXGroup;
			children = (
				1C552B371F27E6B4006E6D5B /* TMHomePageViewController.swift */,
			);
			name = Controllers;
			sourceTree = "<group>";
		};
		1C58F6B91F0729D80035C46B = {
			isa = PBXGroup;
			children = (
				1C58F6C41F0729D80035C46B /* TimiAccount */,
				1C58F6C31F0729D80035C46B /* Products */,
				1C1CAF001F09A6C2003702AD /* Frameworks */,
			);
			sourceTree = "<group>";
		};
		1C58F6C31F0729D80035C46B /* Products */ = {
			isa = PBXGroup;
			children = (
				1C58F6C21F0729D80035C46B /* TimiAccount.app */,
			);
			name = Products;
			sourceTree = "<group>";
		};
		1C58F6C41F0729D80035C46B /* TimiAccount */ = {
			isa = PBXGroup;
			children = (
				1C552B171F198860006E6D5B /* Shared */,
				1C58F6E51F073DAE0035C46B /* BookManagement */,
				1C58F6DF1F072B220035C46B /* TimeLine */,
				1C58F6C51F0729D80035C46B /* AppDelegate.swift */,
				1C58F6C71F0729D80035C46B /* ViewController.swift */,
				1C58F6C91F0729D80035C46B /* Main.storyboard */,
				1C58F6CC1F0729D80035C46B /* Assets.xcassets */,
				1C58F6CE1F0729D80035C46B /* LaunchScreen.storyboard */,
				1C58F6D11F0729D80035C46B /* Info.plist */,
				1C4655121F3BD2E000017267 /* category.plist */,
				1C4655141F3BD2EB00017267 /* addCategory.plist */,
			);
			path = TimiAccount;
			sourceTree = "<group>";
		};
		1C58F6DF1F072B220035C46B /* TimeLine */ = {
			isa = PBXGroup;
			children = (
				1C552B391F27E6BA006E6D5B /* Controllers */,
				1C84A11C1F099B1B00F29E40 /* Views */,
				1C58F6E01F072B290035C46B /* Models */,
			);
			name = TimeLine;
			sourceTree = "<group>";
		};
		1C58F6E01F072B290035C46B /* Models */ = {
			isa = PBXGroup;
			children = (
				1C58F6E11F072B4D0035C46B /* TMBill.swift */,
				1C58F6E31F072FB40035C46B /* TMCategory.swift */,
				1C552B1C1F1AC5B6006E6D5B /* TMStatistics.swift */,
				1C552B1E1F200D43006E6D5B /* TMDataManager.swift */,
				1C552B201F20116A006E6D5B /* TMAddedCategory.swift */,
			);
			name = Models;
			sourceTree = "<group>";
		};
		1C58F6E51F073DAE0035C46B /* BookManagement */ = {
			isa = PBXGroup;
			children = (
				1C58F6E61F073DC80035C46B /* Models */,
			);
			name = BookManagement;
			sourceTree = "<group>";
		};
		1C58F6E61F073DC80035C46B /* Models */ = {
			isa = PBXGroup;
			children = (
				1C58F6E71F073DFD0035C46B /* TMBook.swift */,
			);
			name = Models;
			sourceTree = "<group>";
		};
		1C84A11C1F099B1B00F29E40 /* Views */ = {
			isa = PBXGroup;
			children = (
				1C84A11D1F099B4C00F29E40 /* TMHeaderView.swift */,
				1C1CAF071F09A768003702AD /* TMPieView.swift */,
				1C552B3E1F280B1B006E6D5B /* TMTimeLineCell.swift */,
				1C552B3A1F2809BB006E6D5B /* TMTimeLineIncomeCell.swift */,
				1C552B3C1F280A14006E6D5B /* TMTimeLineCostCell.swift */,
				1C4655081F314ECF00017267 /* TMTimeLineMenuView.swift */,
			);
			name = Views;
			sourceTree = "<group>";
		};
/* End PBXGroup section */

/* Begin PBXNativeTarget section */
		1C58F6C11F0729D80035C46B /* TimiAccount */ = {
			isa = PBXNativeTarget;
			buildConfigurationList = 1C58F6D41F0729D80035C46B /* Build configuration list for PBXNativeTarget "TimiAccount" */;
			buildPhases = (
				1C58F6BE1F0729D80035C46B /* Sources */,
				1C58F6BF1F0729D80035C46B /* Frameworks */,
				1C58F6C01F0729D80035C46B /* Resources */,
				1C58F6DA1F072A940035C46B /* Embed Frameworks */,
				1C58F6DE1F072ADC0035C46B /* ShellScript */,
			);
			buildRules = (
			);
			dependencies = (
			);
			name = TimiAccount;
			productName = TimiAccount;
			productReference = 1C58F6C21F0729D80035C46B /* TimiAccount.app */;
			productType = "com.apple.product-type.application";
		};
/* End PBXNativeTarget section */

/* Begin PBXProject section */
		1C58F6BA1F0729D80035C46B /* Project object */ = {
			isa = PBXProject;
			attributes = {
				LastSwiftUpdateCheck = 0830;
				LastUpgradeCheck = 0830;
				ORGANIZATIONNAME = "Zhihao Yuan";
				TargetAttributes = {
					1C58F6C11F0729D80035C46B = {
						CreatedOnToolsVersion = 8.3.3;
						ProvisioningStyle = Automatic;
					};
				};
			};
			buildConfigurationList = 1C58F6BD1F0729D80035C46B /* Build configuration list for PBXProject "TimiAccount" */;
			compatibilityVersion = "Xcode 3.2";
			developmentRegion = English;
			hasScannedForEncodings = 0;
			knownRegions = (
				en,
				Base,
			);
			mainGroup = 1C58F6B91F0729D80035C46B;
			productRefGroup = 1C58F6C31F0729D80035C46B /* Products */;
			projectDirPath = "";
			projectRoot = "";
			targets = (
				1C58F6C11F0729D80035C46B /* TimiAccount */,
			);
		};
/* End PBXProject section */

/* Begin PBXResourcesBuildPhase section */
		1C58F6C01F0729D80035C46B /* Resources */ = {
			isa = PBXResourcesBuildPhase;
			buildActionMask = 2147483647;
			files = (
				1C4655151F3BD2EB00017267 /* addCategory.plist in Resources */,
				1C58F6D01F0729D80035C46B /* LaunchScreen.storyboard in Resources */,
				1C4655131F3BD2E000017267 /* category.plist in Resources */,
				1C58F6CD1F0729D80035C46B /* Assets.xcassets in Resources */,
				1C58F6CB1F0729D80035C46B /* Main.storyboard in Resources */,
				1C552B311F27E071006E6D5B /* SVProgressHUD.bundle in Resources */,
			);
			runOnlyForDeploymentPostprocessing = 0;
		};
/* End PBXResourcesBuildPhase section */

/* Begin PBXShellScriptBuildPhase section */
		1C58F6DE1F072ADC0035C46B /* ShellScript */ = {
			isa = PBXShellScriptBuildPhase;
			buildActionMask = 2147483647;
			files = (
			);
			inputPaths = (
			);
			outputPaths = (
			);
			runOnlyForDeploymentPostprocessing = 0;
			shellPath = /bin/sh;
			shellScript = "bash \"${BUILT_PRODUCTS_DIR}/${FRAMEWORKS_FOLDER_PATH}/Realm.framework/strip-frameworks.sh\"";
		};
/* End PBXShellScriptBuildPhase section */

/* Begin PBXSourcesBuildPhase section */
		1C58F6BE1F0729D80035C46B /* Sources */ = {
			isa = PBXSourcesBuildPhase;
			buildActionMask = 2147483647;
			files = (
				1C552B1F1F200D43006E6D5B /* TMDataManager.swift in Sources */,
				1C552B3D1F280A14006E6D5B /* TMTimeLineCostCell.swift in Sources */,
				1C552B2F1F27E071006E6D5B /* SVIndefiniteAnimatedView.m in Sources */,
				1C4655091F314ECF00017267 /* TMTimeLineMenuView.swift in Sources */,
				1C46550F1F3A824E00017267 /* CCLocalMaximum.m in Sources */,
				1C46550E1F3A824E00017267 /* CCColorCube.m in Sources */,
				1C552B3F1F280B1B006E6D5B /* TMTimeLineCell.swift in Sources */,
				1C552B321F27E071006E6D5B /* SVProgressHUD.m in Sources */,
				1C552B331F27E071006E6D5B /* SVRadialGradientLayer.m in Sources */,
				1C1CAF081F09A768003702AD /* TMPieView.swift in Sources */,
				1C552B301F27E071006E6D5B /* SVProgressAnimatedView.m in Sources */,
				1C552B1B1F198980006E6D5B /* Share.swift in Sources */,
				1C552B3B1F2809BB006E6D5B /* TMTimeLineIncomeCell.swift in Sources */,
				1C58F6E81F073DFD0035C46B /* TMBook.swift in Sources */,
				1C552B381F27E6B4006E6D5B /* TMHomePageViewController.swift in Sources */,
				1C58F6C81F0729D80035C46B /* ViewController.swift in Sources */,
				1C58F6E21F072B4D0035C46B /* TMBill.swift in Sources */,
				1C58F6E41F072FB40035C46B /* TMCategory.swift in Sources */,
				1C552B211F20116A006E6D5B /* TMAddedCategory.swift in Sources */,
				1C552B231F27D85C006E6D5B /* TMBaseViewController.swift in Sources */,
				1C552B1D1F1AC5B6006E6D5B /* TMStatistics.swift in Sources */,
				1C84A11E1F099B4C00F29E40 /* TMHeaderView.swift in Sources */,
				1C58F6C61F0729D80035C46B /* AppDelegate.swift in Sources */,
			);
			runOnlyForDeploymentPostprocessing = 0;
		};
/* End PBXSourcesBuildPhase section */

/* Begin PBXVariantGroup section */
		1C58F6C91F0729D80035C46B /* Main.storyboard */ = {
			isa = PBXVariantGroup;
			children = (
				1C58F6CA1F0729D80035C46B /* Base */,
			);
			name = Main.storyboard;
			sourceTree = "<group>";
		};
		1C58F6CE1F0729D80035C46B /* LaunchScreen.storyboard */ = {
			isa = PBXVariantGroup;
			children = (
				1C58F6CF1F0729D80035C46B /* Base */,
			);
			name = LaunchScreen.storyboard;
			sourceTree = "<group>";
		};
/* End PBXVariantGroup section */

/* Begin XCBuildConfiguration section */
		1C58F6D21F0729D80035C46B /* Debug */ = {
			isa = XCBuildConfiguration;
			buildSettings = {
				ALWAYS_SEARCH_USER_PATHS = NO;
				CLANG_ANALYZER_NONNULL = YES;
				CLANG_ANALYZER_NUMBER_OBJECT_CONVERSION = YES_AGGRESSIVE;
				CLANG_CXX_LANGUAGE_STANDARD = "gnu++0x";
				CLANG_CXX_LIBRARY = "libc++";
				CLANG_ENABLE_MODULES = YES;
				CLANG_ENABLE_OBJC_ARC = YES;
				CLANG_WARN_BOOL_CONVERSION = YES;
				CLANG_WARN_CONSTANT_CONVERSION = YES;
				CLANG_WARN_DIRECT_OBJC_ISA_USAGE = YES_ERROR;
				CLANG_WARN_DOCUMENTATION_COMMENTS = YES;
				CLANG_WARN_EMPTY_BODY = YES;
				CLANG_WARN_ENUM_CONVERSION = YES;
				CLANG_WARN_INFINITE_RECURSION = YES;
				CLANG_WARN_INT_CONVERSION = YES;
				CLANG_WARN_OBJC_ROOT_CLASS = YES_ERROR;
				CLANG_WARN_SUSPICIOUS_MOVE = YES;
				CLANG_WARN_UNREACHABLE_CODE = YES;
				CLANG_WARN__DUPLICATE_METHOD_MATCH = YES;
				"CODE_SIGN_IDENTITY[sdk=iphoneos*]" = "iPhone Developer";
				COPY_PHASE_STRIP = NO;
				DEBUG_INFORMATION_FORMAT = dwarf;
				ENABLE_STRICT_OBJC_MSGSEND = YES;
				ENABLE_TESTABILITY = YES;
				GCC_C_LANGUAGE_STANDARD = gnu99;
				GCC_DYNAMIC_NO_PIC = NO;
				GCC_NO_COMMON_BLOCKS = YES;
				GCC_OPTIMIZATION_LEVEL = 0;
				GCC_PREPROCESSOR_DEFINITIONS = (
					"DEBUG=1",
					"$(inherited)",
				);
				GCC_WARN_64_TO_32_BIT_CONVERSION = YES;
				GCC_WARN_ABOUT_RETURN_TYPE = YES_ERROR;
				GCC_WARN_UNDECLARED_SELECTOR = YES;
				GCC_WARN_UNINITIALIZED_AUTOS = YES_AGGRESSIVE;
				GCC_WARN_UNUSED_FUNCTION = YES;
				GCC_WARN_UNUSED_VARIABLE = YES;
				IPHONEOS_DEPLOYMENT_TARGET = 10.0;
				MTL_ENABLE_DEBUG_INFO = YES;
				ONLY_ACTIVE_ARCH = YES;
				SDKROOT = iphoneos;
				SWIFT_ACTIVE_COMPILATION_CONDITIONS = DEBUG;
				SWIFT_OPTIMIZATION_LEVEL = "-Onone";
			};
			name = Debug;
		};
		1C58F6D31F0729D80035C46B /* Release */ = {
			isa = XCBuildConfiguration;
			buildSettings = {
				ALWAYS_SEARCH_USER_PATHS = NO;
				CLANG_ANALYZER_NONNULL = YES;
				CLANG_ANALYZER_NUMBER_OBJECT_CONVERSION = YES_AGGRESSIVE;
				CLANG_CXX_LANGUAGE_STANDARD = "gnu++0x";
				CLANG_CXX_LIBRARY = "libc++";
				CLANG_ENABLE_MODULES = YES;
				CLANG_ENABLE_OBJC_ARC = YES;
				CLANG_WARN_BOOL_CONVERSION = YES;
				CLANG_WARN_CONSTANT_CONVERSION = YES;
				CLANG_WARN_DIRECT_OBJC_ISA_USAGE = YES_ERROR;
				CLANG_WARN_DOCUMENTATION_COMMENTS = YES;
				CLANG_WARN_EMPTY_BODY = YES;
				CLANG_WARN_ENUM_CONVERSION = YES;
				CLANG_WARN_INFINITE_RECURSION = YES;
				CLANG_WARN_INT_CONVERSION = YES;
				CLANG_WARN_OBJC_ROOT_CLASS = YES_ERROR;
				CLANG_WARN_SUSPICIOUS_MOVE = YES;
				CLANG_WARN_UNREACHABLE_CODE = YES;
				CLANG_WARN__DUPLICATE_METHOD_MATCH = YES;
				"CODE_SIGN_IDENTITY[sdk=iphoneos*]" = "iPhone Developer";
				COPY_PHASE_STRIP = NO;
				DEBUG_INFORMATION_FORMAT = "dwarf-with-dsym";
				ENABLE_NS_ASSERTIONS = NO;
				ENABLE_STRICT_OBJC_MSGSEND = YES;
				GCC_C_LANGUAGE_STANDARD = gnu99;
				GCC_NO_COMMON_BLOCKS = YES;
				GCC_WARN_64_TO_32_BIT_CONVERSION = YES;
				GCC_WARN_ABOUT_RETURN_TYPE = YES_ERROR;
				GCC_WARN_UNDECLARED_SELECTOR = YES;
				GCC_WARN_UNINITIALIZED_AUTOS = YES_AGGRESSIVE;
				GCC_WARN_UNUSED_FUNCTION = YES;
				GCC_WARN_UNUSED_VARIABLE = YES;
				IPHONEOS_DEPLOYMENT_TARGET = 10.0;
				MTL_ENABLE_DEBUG_INFO = NO;
				SDKROOT = iphoneos;
				SWIFT_OPTIMIZATION_LEVEL = "-Owholemodule";
				VALIDATE_PRODUCT = YES;
			};
			name = Release;
		};
		1C58F6D51F0729D80035C46B /* Debug */ = {
			isa = XCBuildConfiguration;
			buildSettings = {
				ASSETCATALOG_COMPILER_APPICON_NAME = AppIcon;
				FRAMEWORK_SEARCH_PATHS = (
					"$(inherited)",
					"$(PROJECT_DIR)",
					"$(PROJECT_DIR)/Carthage/Build/iOS",
				);
				INFOPLIST_FILE = TimiAccount/Info.plist;
				IPHONEOS_DEPLOYMENT_TARGET = 10.0;
				LD_RUNPATH_SEARCH_PATHS = "$(inherited) @executable_path/Frameworks";
				PRODUCT_BUNDLE_IDENTIFIER = com.per.TimiAccount;
				PRODUCT_NAME = "$(TARGET_NAME)";
				SWIFT_OBJC_BRIDGING_HEADER = "TimiAccount/Shared/SVprogressHUD-Bridging-Header.h";
				SWIFT_VERSION = 3.0;
			};
			name = Debug;
		};
		1C58F6D61F0729D80035C46B /* Release */ = {
			isa = XCBuildConfiguration;
			buildSettings = {
				ASSETCATALOG_COMPILER_APPICON_NAME = AppIcon;
				FRAMEWORK_SEARCH_PATHS = (
					"$(inherited)",
					"$(PROJECT_DIR)",
					"$(PROJECT_DIR)/Carthage/Build/iOS",
				);
				INFOPLIST_FILE = TimiAccount/Info.plist;
				IPHONEOS_DEPLOYMENT_TARGET = 10.0;
				LD_RUNPATH_SEARCH_PATHS = "$(inherited) @executable_path/Frameworks";
				PRODUCT_BUNDLE_IDENTIFIER = com.per.TimiAccount;
				PRODUCT_NAME = "$(TARGET_NAME)";
				SWIFT_OBJC_BRIDGING_HEADER = "TimiAccount/Shared/SVprogressHUD-Bridging-Header.h";
				SWIFT_VERSION = 3.0;
			};
			name = Release;
		};
/* End XCBuildConfiguration section */

/* Begin XCConfigurationList section */
		1C58F6BD1F0729D80035C46B /* Build configuration list for PBXProject "TimiAccount" */ = {
			isa = XCConfigurationList;
			buildConfigurations = (
				1C58F6D21F0729D80035C46B /* Debug */,
				1C58F6D31F0729D80035C46B /* Release */,
			);
			defaultConfigurationIsVisible = 0;
			defaultConfigurationName = Release;
		};
		1C58F6D41F0729D80035C46B /* Build configuration list for PBXNativeTarget "TimiAccount" */ = {
			isa = XCConfigurationList;
			buildConfigurations = (
				1C58F6D51F0729D80035C46B /* Debug */,
				1C58F6D61F0729D80035C46B /* Release */,
			);
			defaultConfigurationIsVisible = 0;
			defaultConfigurationName = Release;
		};
/* End XCConfigurationList section */
	};
	rootObject = 1C58F6BA1F0729D80035C46B /* Project object */;
}
